{
  "version": 4,
  "terraform_version": "1.2.7",
  "serial": 10,
  "lineage": "5ce5521c-e0ca-875d-0126-c75d9c0563a2",
  "outputs": {},
  "resources": [
    {
      "mode": "managed",
      "type": "google_storage_bucket",
      "name": "bucket",
      "provider": "provider[\"registry.terraform.io/hashicorp/google\"]",
      "instances": [
        {
          "schema_version": 0,
          "attributes": {
            "bucket_policy_only": false,
            "cors": [],
            "encryption": [],
            "force_destroy": false,
            "id": "playground-s-11-a07c7985-test-bucket",
            "labels": {},
            "lifecycle_rule": [],
            "location": "US-CENTRAL1",
            "logging": [],
            "name": "playground-s-11-a07c7985-test-bucket",
            "project": "playground-s-11-a07c7985",
            "requester_pays": false,
            "retention_policy": [],
            "self_link": "https://www.googleapis.com/storage/v1/b/playground-s-11-a07c7985-test-bucket",
            "storage_class": "STANDARD",
            "url": "gs://playground-s-11-a07c7985-test-bucket",
            "versioning": [],
            "website": []
          },
          "sensitive_attributes": [],
          "private": "bnVsbA=="
        }
      ]
    },
    {
      "mode": "managed",
      "type": "google_storage_bucket_object",
      "name": "archive",
      "provider": "provider[\"registry.terraform.io/hashicorp/google\"]",
      "instances": [
        {
          "schema_version": 0,
          "attributes": {
            "bucket": "playground-s-11-a07c7985-test-bucket",
            "cache_control": "",
            "content": null,
            "content_disposition": "",
            "content_encoding": "",
            "content_language": "",
            "content_type": "application/zip",
            "crc32c": "RWMxfg==",
            "detect_md5hash": "vwfEFhFEoenKAseY1+AUbA==",
            "id": "playground-s-11-a07c7985-test-bucket-main.zip",
            "md5hash": "vwfEFhFEoenKAseY1+AUbA==",
            "name": "main.zip",
            "output_name": "main.zip",
            "self_link": "https://www.googleapis.com/storage/v1/b/playground-s-11-a07c7985-test-bucket/o/main.zip",
            "source": "./code/function.zip",
            "storage_class": "STANDARD"
          },
          "sensitive_attributes": [],
          "private": "bnVsbA==",
          "dependencies": [
            "google_storage_bucket.bucket"
          ]
        }
      ]
    }
  ]
}
